
Microsoft Visual Studio Solution File, Format Version 12.00
# Visual Studio 14
VisualStudioVersion = 14.0.23107.0
MinimumVisualStudioVersion = 10.0.40219.1
Project("{FAE04EC0-301F-11D3-BF4B-00C04F79EFBC}") = "WebRoleTest", "WebRoleTest\WebRoleTest.csproj", "{8966FD97-60F3-49BF-A788-6EC1586B257B}"
EndProject
Project("{FAE04EC0-301F-11D3-BF4B-00C04F79EFBC}") = "WorkerRoleTest", "WorkerRoleTest\WorkerRoleTest.csproj", "{4A8D66DA-3352-46F1-AE9F-031D23466003}"
EndProject
Project("{CC5FD16D-436D-48AD-A40C-5A424C6E3E79}") = "BlobsTablesQueues", "BlobsTablesQueues\BlobsTablesQueues.ccproj", "{D1EA02B6-136F-43E8-BB7C-29F512111FCF}"
EndProject
Global
	GlobalSection(SolutionConfigurationPlatforms) = preSolution
		Debug|Any CPU = Debug|Any CPU
		Release|Any CPU = Release|Any CPU
	EndGlobalSection
	GlobalSection(ProjectConfigurationPlatforms) = postSolution
		{8966FD97-60F3-49BF-A788-6EC1586B257B}.Debug|Any CPU.ActiveCfg = Debug|Any CPU
		{8966FD97-60F3-49BF-A788-6EC1586B257B}.Debug|Any CPU.Build.0 = Debug|Any CPU
		{8966FD97-60F3-49BF-A788-6EC1586B257B}.Release|Any CPU.ActiveCfg = Release|Any CPU
		{8966FD97-60F3-49BF-A788-6EC1586B257B}.Release|Any CPU.Build.0 = Release|Any CPU
		{4A8D66DA-3352-46F1-AE9F-031D23466003}.Debug|Any CPU.ActiveCfg = Debug|Any CPU
		{4A8D66DA-3352-46F1-AE9F-031D23466003}.Debug|Any CPU.Build.0 = Debug|Any CPU
		{4A8D66DA-3352-46F1-AE9F-031D23466003}.Release|Any CPU.ActiveCfg = Release|Any CPU
		{4A8D66DA-3352-46F1-AE9F-031D23466003}.Release|Any CPU.Build.0 = Release|Any CPU
		{D1EA02B6-136F-43E8-BB7C-29F512111FCF}.Debug|Any CPU.ActiveCfg = Debug|Any CPU
		{D1EA02B6-136F-43E8-BB7C-29F512111FCF}.Debug|Any CPU.Build.0 = Debug|Any CPU
		{D1EA02B6-136F-43E8-BB7C-29F512111FCF}.Release|Any CPU.ActiveCfg = Release|Any CPU
		{D1EA02B6-136F-43E8-BB7C-29F512111FCF}.Release|Any CPU.Build.0 = Release|Any CPU
	EndGlobalSection
	GlobalSection(SolutionProperties) = preSolution
		HideSolutionNode = FALSE
	EndGlobalSection
EndGlobal
